
Microsoft Visual Studio Solution File, Format Version 12.00
# Visual Studio Version 17
VisualStudioVersion = 17.9.34902.65
MinimumVisualStudioVersion = 10.0.40219.1
Project("{FAE04EC0-301F-11D3-BF4B-00C04F79EFBC}") = "Daniel_Project", "Daniel_Project\Daniel_Project.csproj", "{5E21C7B3-BA30-4778-825E-524ABF64B24E}"
EndProject
Global
	GlobalSection(SolutionConfigurationPlatforms) = preSolution
		Debug|Any CPU = Debug|Any CPU
		Release|Any CPU = Release|Any CPU
	EndGlobalSection
	GlobalSection(ProjectConfigurationPlatforms) = postSolution
		{5E21C7B3-BA30-4778-825E-524ABF64B24E}.Debug|Any CPU.ActiveCfg = Debug|Any CPU
		{5E21C7B3-BA30-4778-825E-524ABF64B24E}.Debug|Any CPU.Build.0 = Debug|Any CPU
		{5E21C7B3-BA30-4778-825E-524ABF64B24E}.Release|Any CPU.ActiveCfg = Release|Any CPU
		{5E21C7B3-BA30-4778-825E-524ABF64B24E}.Release|Any CPU.Build.0 = Release|Any CPU
	EndGlobalSection
	GlobalSection(SolutionProperties) = preSolution
		HideSolutionNode = FALSE
	EndGlobalSection
	GlobalSection(ExtensibilityGlobals) = postSolution
		SolutionGuid = {D8316E50-8675-4DA3-9958-8F0C50A44BB5}
	EndGlobalSection
EndGlobal
